
Microsoft Visual Studio Solution File, Format Version 12.00
# Visual Studio Version 17
VisualStudioVersion = 17.5.002.0
MinimumVisualStudioVersion = 10.0.40219.1
Project("{9A19103F-16F7-4668-BE54-9A1E7A4F7556}") = "Task64", "Task64\Task64.csproj", "{F98A396F-2B74-4F03-A976-02553165CA9F}"
EndProject
Global
	GlobalSection(SolutionConfigurationPlatforms) = preSolution
		Debug|Any CPU = Debug|Any CPU
		Release|Any CPU = Release|Any CPU
	EndGlobalSection
	GlobalSection(ProjectConfigurationPlatforms) = postSolution
		{F98A396F-2B74-4F03-A976-02553165CA9F}.Debug|Any CPU.ActiveCfg = Debug|Any CPU
		{F98A396F-2B74-4F03-A976-02553165CA9F}.Debug|Any CPU.Build.0 = Debug|Any CPU
		{F98A396F-2B74-4F03-A976-02553165CA9F}.Release|Any CPU.ActiveCfg = Release|Any CPU
		{F98A396F-2B74-4F03-A976-02553165CA9F}.Release|Any CPU.Build.0 = Release|Any CPU
	EndGlobalSection
	GlobalSection(SolutionProperties) = preSolution
		HideSolutionNode = FALSE
	EndGlobalSection
	GlobalSection(ExtensibilityGlobals) = postSolution
		SolutionGuid = {CEAD3077-8B26-43EA-A3B5-F72D90733E2D}
	EndGlobalSection
EndGlobal
